
Microsoft Visual Studio Solution File, Format Version 12.00
# Visual Studio Version 16
VisualStudioVersion = 16.0.31105.61
MinimumVisualStudioVersion = 10.0.40219.1
Project("{FAE04EC0-301F-11D3-BF4B-00C04F79EFBC}") = "ParentalControlWindowsForm", "ParentalControlWindowsForm\ParentalControlWindowsForm.csproj", "{5D5428DB-2C19-4F62-8B3F-EAFCB9B4991A}"
EndProject
Global
	GlobalSection(SolutionConfigurationPlatforms) = preSolution
		Debug|Any CPU = Debug|Any CPU
		Release|Any CPU = Release|Any CPU
	EndGlobalSection
	GlobalSection(ProjectConfigurationPlatforms) = postSolution
		{5D5428DB-2C19-4F62-8B3F-EAFCB9B4991A}.Debug|Any CPU.ActiveCfg = Debug|Any CPU
		{5D5428DB-2C19-4F62-8B3F-EAFCB9B4991A}.Debug|Any CPU.Build.0 = Debug|Any CPU
		{5D5428DB-2C19-4F62-8B3F-EAFCB9B4991A}.Release|Any CPU.ActiveCfg = Release|Any CPU
		{5D5428DB-2C19-4F62-8B3F-EAFCB9B4991A}.Release|Any CPU.Build.0 = Release|Any CPU
	EndGlobalSection
	GlobalSection(SolutionProperties) = preSolution
		HideSolutionNode = FALSE
	EndGlobalSection
	GlobalSection(ExtensibilityGlobals) = postSolution
		SolutionGuid = {66BB8C3F-B8B4-43DB-BE90-8E70DC729E25}
	EndGlobalSection
EndGlobal
